// !$*UTF8*$!
{
	archiveVersion = 1;
	classes = {
	};
	objectVersion = 50;
	objects = {

/* Begin PBXBuildFile section */
		84178856210EADFB00EB797D /* AppDelegate.swift in Sources */ = {isa = PBXBuildFile; fileRef = 84178855210EADFB00EB797D /* AppDelegate.swift */; };
		84178858210EADFB00EB797D /* ViewController.swift in Sources */ = {isa = PBXBuildFile; fileRef = 84178857210EADFB00EB797D /* ViewController.swift */; };
		8417885B210EADFB00EB797D /* Main.storyboard in Resources */ = {isa = PBXBuildFile; fileRef = 84178859210EADFB00EB797D /* Main.storyboard */; };
		8417885E210EADFB00EB797D /* AppRecipeFood.xcdatamodeld in Sources */ = {isa = PBXBuildFile; fileRef = 8417885C210EADFB00EB797D /* AppRecipeFood.xcdatamodeld */; };
		84178860210EADFC00EB797D /* Assets.xcassets in Resources */ = {isa = PBXBuildFile; fileRef = 8417885F210EADFC00EB797D /* Assets.xcassets */; };
		84178863210EADFC00EB797D /* LaunchScreen.storyboard in Resources */ = {isa = PBXBuildFile; fileRef = 84178861210EADFC00EB797D /* LaunchScreen.storyboard */; };
		8417886E210EADFD00EB797D /* AppRecipeFoodTests.swift in Sources */ = {isa = PBXBuildFile; fileRef = 8417886D210EADFD00EB797D /* AppRecipeFoodTests.swift */; };
		84178879210EADFD00EB797D /* AppRecipeFoodUITests.swift in Sources */ = {isa = PBXBuildFile; fileRef = 84178878210EADFD00EB797D /* AppRecipeFoodUITests.swift */; };
		8417888E210EAE7800EB797D /* HomeViewController.swift in Sources */ = {isa = PBXBuildFile; fileRef = 8417888C210EAE7800EB797D /* HomeViewController.swift */; };
		8417888F210EAE7800EB797D /* HomeViewController.xib in Resources */ = {isa = PBXBuildFile; fileRef = 8417888D210EAE7800EB797D /* HomeViewController.xib */; };
		84178891210EAEA300EB797D /* BaseNavigationController.swift in Sources */ = {isa = PBXBuildFile; fileRef = 84178890210EAEA300EB797D /* BaseNavigationController.swift */; };
		84178898210EB0E100EB797D /* HeaderTableViewCell.swift in Sources */ = {isa = PBXBuildFile; fileRef = 84178896210EB0E100EB797D /* HeaderTableViewCell.swift */; };
		84178899210EB0E100EB797D /* HeaderTableViewCell.xib in Resources */ = {isa = PBXBuildFile; fileRef = 84178897210EB0E100EB797D /* HeaderTableViewCell.xib */; };
		84824E132113F2CE001356EF /* RootTabbarController.swift in Sources */ = {isa = PBXBuildFile; fileRef = 84824E122113F2CE001356EF /* RootTabbarController.swift */; };
		84824E172113F322001356EF /* ProfileViewController.swift in Sources */ = {isa = PBXBuildFile; fileRef = 84824E152113F322001356EF /* ProfileViewController.swift */; };
		84824E182113F322001356EF /* ProfileViewController.xib in Resources */ = {isa = PBXBuildFile; fileRef = 84824E162113F322001356EF /* ProfileViewController.xib */; };
		84824E1B2113F883001356EF /* SliderImageTableViewCell.swift in Sources */ = {isa = PBXBuildFile; fileRef = 84824E192113F883001356EF /* SliderImageTableViewCell.swift */; };
		84824E1C2113F883001356EF /* SliderImageTableViewCell.xib in Resources */ = {isa = PBXBuildFile; fileRef = 84824E1A2113F883001356EF /* SliderImageTableViewCell.xib */; };
		84824E2021140DCE001356EF /* UICollectionViewCellStyle.swift in Sources */ = {isa = PBXBuildFile; fileRef = 84824E1F21140DCE001356EF /* UICollectionViewCellStyle.swift */; };
		84824E232114305E001356EF /* SearchViewController.swift in Sources */ = {isa = PBXBuildFile; fileRef = 84824E212114305E001356EF /* SearchViewController.swift */; };
		84824E242114305E001356EF /* SearchViewController.xib in Resources */ = {isa = PBXBuildFile; fileRef = 84824E222114305E001356EF /* SearchViewController.xib */; };
		84824E29211452BE001356EF /* DetailFoodViewController.swift in Sources */ = {isa = PBXBuildFile; fileRef = 84824E27211452BE001356EF /* DetailFoodViewController.swift */; };
		84824E2A211452BE001356EF /* DetailFoodViewController.xib in Resources */ = {isa = PBXBuildFile; fileRef = 84824E28211452BE001356EF /* DetailFoodViewController.xib */; };
		8499D61D2112C43400993975 /* CollectionTableViewCell.swift in Sources */ = {isa = PBXBuildFile; fileRef = 8499D61B2112C43400993975 /* CollectionTableViewCell.swift */; };
		8499D61E2112C43400993975 /* CollectionTableViewCell.xib in Resources */ = {isa = PBXBuildFile; fileRef = 8499D61C2112C43400993975 /* CollectionTableViewCell.xib */; };
		8499D6212112C4D300993975 /* ImageCollectionViewCell.swift in Sources */ = {isa = PBXBuildFile; fileRef = 8499D61F2112C4D300993975 /* ImageCollectionViewCell.swift */; };
		8499D6222112C4D300993975 /* ImageCollectionViewCell.xib in Resources */ = {isa = PBXBuildFile; fileRef = 8499D6202112C4D300993975 /* ImageCollectionViewCell.xib */; };
		84A073B72110050300E39582 /* UITableViewCellExtension.swift in Sources */ = {isa = PBXBuildFile; fileRef = 84A073B62110050300E39582 /* UITableViewCellExtension.swift */; };
		F036161CFB246BD931751066 /* Pods_AppRecipeFood.framework in Frameworks */ = {isa = PBXBuildFile; fileRef = 1AFDBA8DC068FCDC40ADCB24 /* Pods_AppRecipeFood.framework */; };
/* End PBXBuildFile section */

/* Begin PBXContainerItemProxy section */
		8417886A210EADFD00EB797D /* PBXContainerItemProxy */ = {
			isa = PBXContainerItemProxy;
			containerPortal = 8417884A210EADFB00EB797D /* Project object */;
			proxyType = 1;
			remoteGlobalIDString = 84178851210EADFB00EB797D;
			remoteInfo = AppRecipeFood;
		};
		84178875210EADFD00EB797D /* PBXContainerItemProxy */ = {
			isa = PBXContainerItemProxy;
			containerPortal = 8417884A210EADFB00EB797D /* Project object */;
			proxyType = 1;
			remoteGlobalIDString = 84178851210EADFB00EB797D;
			remoteInfo = AppRecipeFood;
		};
/* End PBXContainerItemProxy section */

/* Begin PBXFileReference section */
		1AFDBA8DC068FCDC40ADCB24 /* Pods_AppRecipeFood.framework */ = {isa = PBXFileReference; explicitFileType = wrapper.framework; includeInIndex = 0; path = Pods_AppRecipeFood.framework; sourceTree = BUILT_PRODUCTS_DIR; };
		5C3CAB6E4AF4465808372564 /* Pods-AppRecipeFood.debug.xcconfig */ = {isa = PBXFileReference; includeInIndex = 1; lastKnownFileType = text.xcconfig; name = "Pods-AppRecipeFood.debug.xcconfig"; path = "Pods/Target Support Files/Pods-AppRecipeFood/Pods-AppRecipeFood.debug.xcconfig"; sourceTree = "<group>"; };
		84178852210EADFB00EB797D /* AppRecipeFood.app */ = {isa = PBXFileReference; explicitFileType = wrapper.application; includeInIndex = 0; path = AppRecipeFood.app; sourceTree = BUILT_PRODUCTS_DIR; };
		84178855210EADFB00EB797D /* AppDelegate.swift */ = {isa = PBXFileReference; lastKnownFileType = sourcecode.swift; path = AppDelegate.swift; sourceTree = "<group>"; };
		84178857210EADFB00EB797D /* ViewController.swift */ = {isa = PBXFileReference; lastKnownFileType = sourcecode.swift; path = ViewController.swift; sourceTree = "<group>"; };
		8417885A210EADFB00EB797D /* Base */ = {isa = PBXFileReference; lastKnownFileType = file.storyboard; name = Base; path = Base.lproj/Main.storyboard; sourceTree = "<group>"; };
		8417885D210EADFB00EB797D /* AppRecipeFood.xcdatamodel */ = {isa = PBXFileReference; lastKnownFileType = wrapper.xcdatamodel; path = AppRecipeFood.xcdatamodel; sourceTree = "<group>"; };
		8417885F210EADFC00EB797D /* Assets.xcassets */ = {isa = PBXFileReference; lastKnownFileType = folder.assetcatalog; path = Assets.xcassets; sourceTree = "<group>"; };
		84178862210EADFC00EB797D /* Base */ = {isa = PBXFileReference; lastKnownFileType = file.storyboard; name = Base; path = Base.lproj/LaunchScreen.storyboard; sourceTree = "<group>"; };
		84178864210EADFC00EB797D /* Info.plist */ = {isa = PBXFileReference; lastKnownFileType = text.plist.xml; path = Info.plist; sourceTree = "<group>"; };
		84178869210EADFD00EB797D /* AppRecipeFoodTests.xctest */ = {isa = PBXFileReference; explicitFileType = wrapper.cfbundle; includeInIndex = 0; path = AppRecipeFoodTests.xctest; sourceTree = BUILT_PRODUCTS_DIR; };
		8417886D210EADFD00EB797D /* AppRecipeFoodTests.swift */ = {isa = PBXFileReference; lastKnownFileType = sourcecode.swift; path = AppRecipeFoodTests.swift; sourceTree = "<group>"; };
		8417886F210EADFD00EB797D /* Info.plist */ = {isa = PBXFileReference; lastKnownFileType = text.plist.xml; path = Info.plist; sourceTree = "<group>"; };
		84178874210EADFD00EB797D /* AppRecipeFoodUITests.xctest */ = {isa = PBXFileReference; explicitFileType = wrapper.cfbundle; includeInIndex = 0; path = AppRecipeFoodUITests.xctest; sourceTree = BUILT_PRODUCTS_DIR; };
		84178878210EADFD00EB797D /* AppRecipeFoodUITests.swift */ = {isa = PBXFileReference; lastKnownFileType = sourcecode.swift; path = AppRecipeFoodUITests.swift; sourceTree = "<group>"; };
		8417887A210EADFD00EB797D /* Info.plist */ = {isa = PBXFileReference; lastKnownFileType = text.plist.xml; path = Info.plist; sourceTree = "<group>"; };
		8417888C210EAE7800EB797D /* HomeViewController.swift */ = {isa = PBXFileReference; lastKnownFileType = sourcecode.swift; path = HomeViewController.swift; sourceTree = "<group>"; };
		8417888D210EAE7800EB797D /* HomeViewController.xib */ = {isa = PBXFileReference; lastKnownFileType = file.xib; path = HomeViewController.xib; sourceTree = "<group>"; };
		84178890210EAEA300EB797D /* BaseNavigationController.swift */ = {isa = PBXFileReference; lastKnownFileType = sourcecode.swift; path = BaseNavigationController.swift; sourceTree = "<group>"; };
		84178896210EB0E100EB797D /* HeaderTableViewCell.swift */ = {isa = PBXFileReference; lastKnownFileType = sourcecode.swift; path = HeaderTableViewCell.swift; sourceTree = "<group>"; };
		84178897210EB0E100EB797D /* HeaderTableViewCell.xib */ = {isa = PBXFileReference; lastKnownFileType = file.xib; path = HeaderTableViewCell.xib; sourceTree = "<group>"; };
		84824E122113F2CE001356EF /* RootTabbarController.swift */ = {isa = PBXFileReference; lastKnownFileType = sourcecode.swift; path = RootTabbarController.swift; sourceTree = "<group>"; };
		84824E152113F322001356EF /* ProfileViewController.swift */ = {isa = PBXFileReference; lastKnownFileType = sourcecode.swift; path = ProfileViewController.swift; sourceTree = "<group>"; };
		84824E162113F322001356EF /* ProfileViewController.xib */ = {isa = PBXFileReference; lastKnownFileType = file.xib; path = ProfileViewController.xib; sourceTree = "<group>"; };
		84824E192113F883001356EF /* SliderImageTableViewCell.swift */ = {isa = PBXFileReference; fileEncoding = 4; lastKnownFileType = sourcecode.swift; path = SliderImageTableViewCell.swift; sourceTree = "<group>"; };
		84824E1A2113F883001356EF /* SliderImageTableViewCell.xib */ = {isa = PBXFileReference; fileEncoding = 4; lastKnownFileType = file.xib; path = SliderImageTableViewCell.xib; sourceTree = "<group>"; };
		84824E1F21140DCE001356EF /* UICollectionViewCellStyle.swift */ = {isa = PBXFileReference; lastKnownFileType = sourcecode.swift; path = UICollectionViewCellStyle.swift; sourceTree = "<group>"; };
		84824E212114305E001356EF /* SearchViewController.swift */ = {isa = PBXFileReference; lastKnownFileType = sourcecode.swift; path = SearchViewController.swift; sourceTree = "<group>"; };
		84824E222114305E001356EF /* SearchViewController.xib */ = {isa = PBXFileReference; lastKnownFileType = file.xib; path = SearchViewController.xib; sourceTree = "<group>"; };
		84824E27211452BE001356EF /* DetailFoodViewController.swift */ = {isa = PBXFileReference; lastKnownFileType = sourcecode.swift; path = DetailFoodViewController.swift; sourceTree = "<group>"; };
		84824E28211452BE001356EF /* DetailFoodViewController.xib */ = {isa = PBXFileReference; lastKnownFileType = file.xib; path = DetailFoodViewController.xib; sourceTree = "<group>"; };
		8499D61B2112C43400993975 /* CollectionTableViewCell.swift */ = {isa = PBXFileReference; lastKnownFileType = sourcecode.swift; path = CollectionTableViewCell.swift; sourceTree = "<group>"; };
		8499D61C2112C43400993975 /* CollectionTableViewCell.xib */ = {isa = PBXFileReference; lastKnownFileType = file.xib; path = CollectionTableViewCell.xib; sourceTree = "<group>"; };
		8499D61F2112C4D300993975 /* ImageCollectionViewCell.swift */ = {isa = PBXFileReference; lastKnownFileType = sourcecode.swift; path = ImageCollectionViewCell.swift; sourceTree = "<group>"; };
		8499D6202112C4D300993975 /* ImageCollectionViewCell.xib */ = {isa = PBXFileReference; lastKnownFileType = file.xib; path = ImageCollectionViewCell.xib; sourceTree = "<group>"; };
		84A073B62110050300E39582 /* UITableViewCellExtension.swift */ = {isa = PBXFileReference; fileEncoding = 4; lastKnownFileType = sourcecode.swift; path = UITableViewCellExtension.swift; sourceTree = "<group>"; };
		C7BD273B27BB92CB82E5CA3B /* Pods-AppRecipeFood.release.xcconfig */ = {isa = PBXFileReference; includeInIndex = 1; lastKnownFileType = text.xcconfig; name = "Pods-AppRecipeFood.release.xcconfig"; path = "Pods/Target Support Files/Pods-AppRecipeFood/Pods-AppRecipeFood.release.xcconfig"; sourceTree = "<group>"; };
/* End PBXFileReference section */

/* Begin PBXFrameworksBuildPhase section */
		8417884F210EADFB00EB797D /* Frameworks */ = {
			isa = PBXFrameworksBuildPhase;
			buildActionMask = 2147483647;
			files = (
				F036161CFB246BD931751066 /* Pods_AppRecipeFood.framework in Frameworks */,
			);
			runOnlyForDeploymentPostprocessing = 0;
		};
		84178866210EADFD00EB797D /* Frameworks */ = {
			isa = PBXFrameworksBuildPhase;
			buildActionMask = 2147483647;
			files = (
			);
			runOnlyForDeploymentPostprocessing = 0;
		};
		84178871210EADFD00EB797D /* Frameworks */ = {
			isa = PBXFrameworksBuildPhase;
			buildActionMask = 2147483647;
			files = (
			);
			runOnlyForDeploymentPostprocessing = 0;
		};
/* End PBXFrameworksBuildPhase section */

/* Begin PBXGroup section */
		3751FB7F0D0E4509FC1BA7D6 /* Pods */ = {
			isa = PBXGroup;
			children = (
				5C3CAB6E4AF4465808372564 /* Pods-AppRecipeFood.debug.xcconfig */,
				C7BD273B27BB92CB82E5CA3B /* Pods-AppRecipeFood.release.xcconfig */,
			);
			name = Pods;
			sourceTree = "<group>";
		};
		84178849210EADFB00EB797D = {
			isa = PBXGroup;
			children = (
				84178854210EADFB00EB797D /* AppRecipeFood */,
				8417886C210EADFD00EB797D /* AppRecipeFoodTests */,
				84178877210EADFD00EB797D /* AppRecipeFoodUITests */,
				84178853210EADFB00EB797D /* Products */,
				3751FB7F0D0E4509FC1BA7D6 /* Pods */,
				B72F183F3285A36116F4EF60 /* Frameworks */,
			);
			sourceTree = "<group>";
		};
		84178853210EADFB00EB797D /* Products */ = {
			isa = PBXGroup;
			children = (
				84178852210EADFB00EB797D /* AppRecipeFood.app */,
				84178869210EADFD00EB797D /* AppRecipeFoodTests.xctest */,
				84178874210EADFD00EB797D /* AppRecipeFoodUITests.xctest */,
			);
			name = Products;
			sourceTree = "<group>";
		};
		84178854210EADFB00EB797D /* AppRecipeFood */ = {
			isa = PBXGroup;
			children = (
				84178888210EAE1400EB797D /* Helper */,
				84178887210EAE0C00EB797D /* Base */,
				84178886210EAE0200EB797D /* Sence */,
				84178855210EADFB00EB797D /* AppDelegate.swift */,
				84178857210EADFB00EB797D /* ViewController.swift */,
				84178859210EADFB00EB797D /* Main.storyboard */,
				8417885F210EADFC00EB797D /* Assets.xcassets */,
				84178861210EADFC00EB797D /* LaunchScreen.storyboard */,
				84178864210EADFC00EB797D /* Info.plist */,
				8417885C210EADFB00EB797D /* AppRecipeFood.xcdatamodeld */,
			);
			path = AppRecipeFood;
			sourceTree = "<group>";
		};
		8417886C210EADFD00EB797D /* AppRecipeFoodTests */ = {
			isa = PBXGroup;
			children = (
				8417886D210EADFD00EB797D /* AppRecipeFoodTests.swift */,
				8417886F210EADFD00EB797D /* Info.plist */,
			);
			path = AppRecipeFoodTests;
			sourceTree = "<group>";
		};
		84178877210EADFD00EB797D /* AppRecipeFoodUITests */ = {
			isa = PBXGroup;
			children = (
				84178878210EADFD00EB797D /* AppRecipeFoodUITests.swift */,
				8417887A210EADFD00EB797D /* Info.plist */,
			);
			path = AppRecipeFoodUITests;
			sourceTree = "<group>";
		};
		84178886210EAE0200EB797D /* Sence */ = {
			isa = PBXGroup;
			children = (
				84824E26211452A2001356EF /* Detailfood */,
				84824E2521143069001356EF /* search */,
				84824E142113F30D001356EF /* Profile */,
				8417888A210EAE5300EB797D /* rootViewController */,
				84178889210EAE4800EB797D /* home */,
			);
			path = Sence;
			sourceTree = "<group>";
		};
		84178887210EAE0C00EB797D /* Base */ = {
			isa = PBXGroup;
			children = (
				84178890210EAEA300EB797D /* BaseNavigationController.swift */,
				84824E122113F2CE001356EF /* RootTabbarController.swift */,
			);
			path = Base;
			sourceTree = "<group>";
		};
		84178888210EAE1400EB797D /* Helper */ = {
			isa = PBXGroup;
			children = (
				84A073B82110050500E39582 /* extension */,
			);
			path = Helper;
			sourceTree = "<group>";
		};
		84178889210EAE4800EB797D /* home */ = {
			isa = PBXGroup;
			children = (
				8417888B210EAE6600EB797D /* customview */,
				8417888C210EAE7800EB797D /* HomeViewController.swift */,
				8417888D210EAE7800EB797D /* HomeViewController.xib */,
			);
			path = home;
			sourceTree = "<group>";
		};
		8417888A210EAE5300EB797D /* rootViewController */ = {
			isa = PBXGroup;
			children = (
			);
			path = rootViewController;
			sourceTree = "<group>";
		};
		8417888B210EAE6600EB797D /* customview */ = {
			isa = PBXGroup;
			children = (
				84178896210EB0E100EB797D /* HeaderTableViewCell.swift */,
				84178897210EB0E100EB797D /* HeaderTableViewCell.xib */,
				84824E192113F883001356EF /* SliderImageTableViewCell.swift */,
				84824E1A2113F883001356EF /* SliderImageTableViewCell.xib */,
				8499D61B2112C43400993975 /* CollectionTableViewCell.swift */,
				8499D61C2112C43400993975 /* CollectionTableViewCell.xib */,
				8499D61F2112C4D300993975 /* ImageCollectionViewCell.swift */,
				8499D6202112C4D300993975 /* ImageCollectionViewCell.xib */,
			);
			path = customview;
			sourceTree = "<group>";
		};
		84824E142113F30D001356EF /* Profile */ = {
			isa = PBXGroup;
			children = (
				84824E152113F322001356EF /* ProfileViewController.swift */,
				84824E162113F322001356EF /* ProfileViewController.xib */,
			);
			path = Profile;
			sourceTree = "<group>";
		};
		84824E2521143069001356EF /* search */ = {
			isa = PBXGroup;
			children = (
				84824E212114305E001356EF /* SearchViewController.swift */,
				84824E222114305E001356EF /* SearchViewController.xib */,
			);
			path = search;
			sourceTree = "<group>";
		};
		84824E26211452A2001356EF /* Detailfood */ = {
			isa = PBXGroup;
			children = (
				84824E27211452BE001356EF /* DetailFoodViewController.swift */,
				84824E28211452BE001356EF /* DetailFoodViewController.xib */,
			);
			path = Detailfood;
			sourceTree = "<group>";
		};
		84A073B82110050500E39582 /* extension */ = {
			isa = PBXGroup;
			children = (
				84A073B62110050300E39582 /* UITableViewCellExtension.swift */,
				84824E1F21140DCE001356EF /* UICollectionViewCellStyle.swift */,
			);
			path = extension;
			sourceTree = "<group>";
		};
		B72F183F3285A36116F4EF60 /* Frameworks */ = {
			isa = PBXGroup;
			children = (
				1AFDBA8DC068FCDC40ADCB24 /* Pods_AppRecipeFood.framework */,
			);
			name = Frameworks;
			sourceTree = "<group>";
		};
/* End PBXGroup section */

/* Begin PBXNativeTarget section */
		84178851210EADFB00EB797D /* AppRecipeFood */ = {
			isa = PBXNativeTarget;
			buildConfigurationList = 8417887D210EADFD00EB797D /* Build configuration list for PBXNativeTarget "AppRecipeFood" */;
			buildPhases = (
				C051F26FC452F24C413C2637 /* [CP] Check Pods Manifest.lock */,
				8417884E210EADFB00EB797D /* Sources */,
				8417884F210EADFB00EB797D /* Frameworks */,
				84178850210EADFB00EB797D /* Resources */,
				0C7D643F3E4A8F87EDE5F348 /* [CP] Embed Pods Frameworks */,
			);
			buildRules = (
			);
			dependencies = (
			);
			name = AppRecipeFood;
			productName = AppRecipeFood;
			productReference = 84178852210EADFB00EB797D /* AppRecipeFood.app */;
			productType = "com.apple.product-type.application";
		};
		84178868210EADFD00EB797D /* AppRecipeFoodTests */ = {
			isa = PBXNativeTarget;
			buildConfigurationList = 84178880210EADFD00EB797D /* Build configuration list for PBXNativeTarget "AppRecipeFoodTests" */;
			buildPhases = (
				84178865210EADFD00EB797D /* Sources */,
				84178866210EADFD00EB797D /* Frameworks */,
				84178867210EADFD00EB797D /* Resources */,
			);
			buildRules = (
			);
			dependencies = (
				8417886B210EADFD00EB797D /* PBXTargetDependency */,
			);
			name = AppRecipeFoodTests;
			productName = AppRecipeFoodTests;
			productReference = 84178869210EADFD00EB797D /* AppRecipeFoodTests.xctest */;
			productType = "com.apple.product-type.bundle.unit-test";
		};
		84178873210EADFD00EB797D /* AppRecipeFoodUITests */ = {
			isa = PBXNativeTarget;
			buildConfigurationList = 84178883210EADFD00EB797D /* Build configuration list for PBXNativeTarget "AppRecipeFoodUITests" */;
			buildPhases = (
				84178870210EADFD00EB797D /* Sources */,
				84178871210EADFD00EB797D /* Frameworks */,
				84178872210EADFD00EB797D /* Resources */,
			);
			buildRules = (
			);
			dependencies = (
				84178876210EADFD00EB797D /* PBXTargetDependency */,
			);
			name = AppRecipeFoodUITests;
			productName = AppRecipeFoodUITests;
			productReference = 84178874210EADFD00EB797D /* AppRecipeFoodUITests.xctest */;
			productType = "com.apple.product-type.bundle.ui-testing";
		};
/* End PBXNativeTarget section */

/* Begin PBXProject section */
		8417884A210EADFB00EB797D /* Project object */ = {
			isa = PBXProject;
			attributes = {
				LastSwiftUpdateCheck = 0930;
				LastUpgradeCheck = 0930;
				ORGANIZATIONNAME = admin;
				TargetAttributes = {
					84178851210EADFB00EB797D = {
						CreatedOnToolsVersion = 9.3.1;
					};
					84178868210EADFD00EB797D = {
						CreatedOnToolsVersion = 9.3.1;
						TestTargetID = 84178851210EADFB00EB797D;
					};
					84178873210EADFD00EB797D = {
						CreatedOnToolsVersion = 9.3.1;
						TestTargetID = 84178851210EADFB00EB797D;
					};
				};
			};
			buildConfigurationList = 8417884D210EADFB00EB797D /* Build configuration list for PBXProject "AppRecipeFood" */;
			compatibilityVersion = "Xcode 9.3";
			developmentRegion = en;
			hasScannedForEncodings = 0;
			knownRegions = (
				en,
				Base,
			);
			mainGroup = 84178849210EADFB00EB797D;
			productRefGroup = 84178853210EADFB00EB797D /* Products */;
			projectDirPath = "";
			projectRoot = "";
			targets = (
				84178851210EADFB00EB797D /* AppRecipeFood */,
				84178868210EADFD00EB797D /* AppRecipeFoodTests */,
				84178873210EADFD00EB797D /* AppRecipeFoodUITests */,
			);
		};
/* End PBXProject section */

/* Begin PBXResourcesBuildPhase section */
		84178850210EADFB00EB797D /* Resources */ = {
			isa = PBXResourcesBuildPhase;
			buildActionMask = 2147483647;
			files = (
				84824E182113F322001356EF /* ProfileViewController.xib in Resources */,
				8499D61E2112C43400993975 /* CollectionTableViewCell.xib in Resources */,
				84178863210EADFC00EB797D /* LaunchScreen.storyboard in Resources */,
				84178860210EADFC00EB797D /* Assets.xcassets in Resources */,
				8417885B210EADFB00EB797D /* Main.storyboard in Resources */,
				84178899210EB0E100EB797D /* HeaderTableViewCell.xib in Resources */,
				84824E2A211452BE001356EF /* DetailFoodViewController.xib in Resources */,
				8499D6222112C4D300993975 /* ImageCollectionViewCell.xib in Resources */,
				8417888F210EAE7800EB797D /* HomeViewController.xib in Resources */,
				84824E242114305E001356EF /* SearchViewController.xib in Resources */,
				84824E1C2113F883001356EF /* SliderImageTableViewCell.xib in Resources */,
			);
			runOnlyForDeploymentPostprocessing = 0;
		};
		84178867210EADFD00EB797D /* Resources */ = {
			isa = PBXResourcesBuildPhase;
			buildActionMask = 2147483647;
			files = (
			);
			runOnlyForDeploymentPostprocessing = 0;
		};
		84178872210EADFD00EB797D /* Resources */ = {
			isa = PBXResourcesBuildPhase;
			buildActionMask = 2147483647;
			files = (
			);
			runOnlyForDeploymentPostprocessing = 0;
		};
/* End PBXResourcesBuildPhase section */

/* Begin PBXShellScriptBuildPhase section */
		0C7D643F3E4A8F87EDE5F348 /* [CP] Embed Pods Frameworks */ = {
			isa = PBXShellScriptBuildPhase;
			buildActionMask = 2147483647;
			files = (
			);
			inputPaths = (
				"${SRCROOT}/Pods/Target Support Files/Pods-AppRecipeFood/Pods-AppRecipeFood-frameworks.sh",
				"${BUILT_PRODUCTS_DIR}/ImageSlideshow/ImageSlideshow.framework",
				"${BUILT_PRODUCTS_DIR}/VBRRollingPit/VBRRollingPit.framework",
			);
			name = "[CP] Embed Pods Frameworks";
			outputPaths = (
				"${TARGET_BUILD_DIR}/${FRAMEWORKS_FOLDER_PATH}/ImageSlideshow.framework",
				"${TARGET_BUILD_DIR}/${FRAMEWORKS_FOLDER_PATH}/VBRRollingPit.framework",
			);
			runOnlyForDeploymentPostprocessing = 0;
			shellPath = /bin/sh;
			shellScript = "\"${SRCROOT}/Pods/Target Support Files/Pods-AppRecipeFood/Pods-AppRecipeFood-frameworks.sh\"\n";
			showEnvVarsInLog = 0;
		};
		C051F26FC452F24C413C2637 /* [CP] Check Pods Manifest.lock */ = {
			isa = PBXShellScriptBuildPhase;
			buildActionMask = 2147483647;
			files = (
			);
			inputPaths = (
				"${PODS_PODFILE_DIR_PATH}/Podfile.lock",
				"${PODS_ROOT}/Manifest.lock",
			);
			name = "[CP] Check Pods Manifest.lock";
			outputPaths = (
				"$(DERIVED_FILE_DIR)/Pods-AppRecipeFood-checkManifestLockResult.txt",
			);
			runOnlyForDeploymentPostprocessing = 0;
			shellPath = /bin/sh;
			shellScript = "diff \"${PODS_PODFILE_DIR_PATH}/Podfile.lock\" \"${PODS_ROOT}/Manifest.lock\" > /dev/null\nif [ $? != 0 ] ; then\n    # print error to STDERR\n    echo \"error: The sandbox is not in sync with the Podfile.lock. Run 'pod install' or update your CocoaPods installation.\" >&2\n    exit 1\nfi\n# This output is used by Xcode 'outputs' to avoid re-running this script phase.\necho \"SUCCESS\" > \"${SCRIPT_OUTPUT_FILE_0}\"\n";
			showEnvVarsInLog = 0;
		};
/* End PBXShellScriptBuildPhase section */

/* Begin PBXSourcesBuildPhase section */
		8417884E210EADFB00EB797D /* Sources */ = {
			isa = PBXSourcesBuildPhase;
			buildActionMask = 2147483647;
			files = (
				84178858210EADFB00EB797D /* ViewController.swift in Sources */,
				84824E2021140DCE001356EF /* UICollectionViewCellStyle.swift in Sources */,
				8417885E210EADFB00EB797D /* AppRecipeFood.xcdatamodeld in Sources */,
				84824E132113F2CE001356EF /* RootTabbarController.swift in Sources */,
				84178856210EADFB00EB797D /* AppDelegate.swift in Sources */,
				84824E29211452BE001356EF /* DetailFoodViewController.swift in Sources */,
				84A073B72110050300E39582 /* UITableViewCellExtension.swift in Sources */,
				84824E172113F322001356EF /* ProfileViewController.swift in Sources */,
				84824E1B2113F883001356EF /* SliderImageTableViewCell.swift in Sources */,
				84824E232114305E001356EF /* SearchViewController.swift in Sources */,
				84178898210EB0E100EB797D /* HeaderTableViewCell.swift in Sources */,
				8499D6212112C4D300993975 /* ImageCollectionViewCell.swift in Sources */,
				84178891210EAEA300EB797D /* BaseNavigationController.swift in Sources */,
				8499D61D2112C43400993975 /* CollectionTableViewCell.swift in Sources */,
				8417888E210EAE7800EB797D /* HomeViewController.swift in Sources */,
			);
			runOnlyForDeploymentPostprocessing = 0;
		};
		84178865210EADFD00EB797D /* Sources */ = {
			isa = PBXSourcesBuildPhase;
			buildActionMask = 2147483647;
			files = (
				8417886E210EADFD00EB797D /* AppRecipeFoodTests.swift in Sources */,
			);
			runOnlyForDeploymentPostprocessing = 0;
		};
		84178870210EADFD00EB797D /* Sources */ = {
			isa = PBXSourcesBuildPhase;
			buildActionMask = 2147483647;
			files = (
				84178879210EADFD00EB797D /* AppRecipeFoodUITests.swift in Sources */,
			);
			runOnlyForDeploymentPostprocessing = 0;
		};
/* End PBXSourcesBuildPhase section */

/* Begin PBXTargetDependency section */
		8417886B210EADFD00EB797D /* PBXTargetDependency */ = {
			isa = PBXTargetDependency;
			target = 84178851210EADFB00EB797D /* AppRecipeFood */;
			targetProxy = 8417886A210EADFD00EB797D /* PBXContainerItemProxy */;
		};
		84178876210EADFD00EB797D /* PBXTargetDependency */ = {
			isa = PBXTargetDependency;
			target = 84178851210EADFB00EB797D /* AppRecipeFood */;
			targetProxy = 84178875210EADFD00EB797D /* PBXContainerItemProxy */;
		};
/* End PBXTargetDependency section */

/* Begin PBXVariantGroup section */
		84178859210EADFB00EB797D /* Main.storyboard */ = {
			isa = PBXVariantGroup;
			children = (
				8417885A210EADFB00EB797D /* Base */,
			);
			name = Main.storyboard;
			sourceTree = "<group>";
		};
		84178861210EADFC00EB797D /* LaunchScreen.storyboard */ = {
			isa = PBXVariantGroup;
			children = (
				84178862210EADFC00EB797D /* Base */,
			);
			name = LaunchScreen.storyboard;
			sourceTree = "<group>";
		};
/* End PBXVariantGroup section */

/* Begin XCBuildConfiguration section */
		8417887B210EADFD00EB797D /* Debug */ = {
			isa = XCBuildConfiguration;
			buildSettings = {
				ALWAYS_SEARCH_USER_PATHS = NO;
				CLANG_ANALYZER_NONNULL = YES;
				CLANG_ANALYZER_NUMBER_OBJECT_CONVERSION = YES_AGGRESSIVE;
				CLANG_CXX_LANGUAGE_STANDARD = "gnu++14";
				CLANG_CXX_LIBRARY = "libc++";
				CLANG_ENABLE_MODULES = YES;
				CLANG_ENABLE_OBJC_ARC = YES;
				CLANG_ENABLE_OBJC_WEAK = YES;
				CLANG_WARN_BLOCK_CAPTURE_AUTORELEASING = YES;
				CLANG_WARN_BOOL_CONVERSION = YES;
				CLANG_WARN_COMMA = YES;
				CLANG_WARN_CONSTANT_CONVERSION = YES;
				CLANG_WARN_DEPRECATED_OBJC_IMPLEMENTATIONS = YES;
				CLANG_WARN_DIRECT_OBJC_ISA_USAGE = YES_ERROR;
				CLANG_WARN_DOCUMENTATION_COMMENTS = YES;
				CLANG_WARN_EMPTY_BODY = YES;
				CLANG_WARN_ENUM_CONVERSION = YES;
				CLANG_WARN_INFINITE_RECURSION = YES;
				CLANG_WARN_INT_CONVERSION = YES;
				CLANG_WARN_NON_LITERAL_NULL_CONVERSION = YES;
				CLANG_WARN_OBJC_IMPLICIT_RETAIN_SELF = YES;
				CLANG_WARN_OBJC_LITERAL_CONVERSION = YES;
				CLANG_WARN_OBJC_ROOT_CLASS = YES_ERROR;
				CLANG_WARN_RANGE_LOOP_ANALYSIS = YES;
				CLANG_WARN_STRICT_PROTOTYPES = YES;
				CLANG_WARN_SUSPICIOUS_MOVE = YES;
				CLANG_WARN_UNGUARDED_AVAILABILITY = YES_AGGRESSIVE;
				CLANG_WARN_UNREACHABLE_CODE = YES;
				CLANG_WARN__DUPLICATE_METHOD_MATCH = YES;
				CODE_SIGN_IDENTITY = "iPhone Developer";
				COPY_PHASE_STRIP = NO;
				DEBUG_INFORMATION_FORMAT = dwarf;
				ENABLE_STRICT_OBJC_MSGSEND = YES;
				ENABLE_TESTABILITY = YES;
				GCC_C_LANGUAGE_STANDARD = gnu11;
				GCC_DYNAMIC_NO_PIC = NO;
				GCC_NO_COMMON_BLOCKS = YES;
				GCC_OPTIMIZATION_LEVEL = 0;
				GCC_PREPROCESSOR_DEFINITIONS = (
					"DEBUG=1",
					"$(inherited)",
				);
				GCC_WARN_64_TO_32_BIT_CONVERSION = YES;
				GCC_WARN_ABOUT_RETURN_TYPE = YES_ERROR;
				GCC_WARN_UNDECLARED_SELECTOR = YES;
				GCC_WARN_UNINITIALIZED_AUTOS = YES_AGGRESSIVE;
				GCC_WARN_UNUSED_FUNCTION = YES;
				GCC_WARN_UNUSED_VARIABLE = YES;
				IPHONEOS_DEPLOYMENT_TARGET = 11.3;
				MTL_ENABLE_DEBUG_INFO = YES;
				ONLY_ACTIVE_ARCH = YES;
				SDKROOT = iphoneos;
				SWIFT_ACTIVE_COMPILATION_CONDITIONS = DEBUG;
				SWIFT_OPTIMIZATION_LEVEL = "-Onone";
			};
			name = Debug;
		};
		8417887C210EADFD00EB797D /* Release */ = {
			isa = XCBuildConfiguration;
			buildSettings = {
				ALWAYS_SEARCH_USER_PATHS = NO;
				CLANG_ANALYZER_NONNULL = YES;
				CLANG_ANALYZER_NUMBER_OBJECT_CONVERSION = YES_AGGRESSIVE;
				CLANG_CXX_LANGUAGE_STANDARD = "gnu++14";
				CLANG_CXX_LIBRARY = "libc++";
				CLANG_ENABLE_MODULES = YES;
				CLANG_ENABLE_OBJC_ARC = YES;
				CLANG_ENABLE_OBJC_WEAK = YES;
				CLANG_WARN_BLOCK_CAPTURE_AUTORELEASING = YES;
				CLANG_WARN_BOOL_CONVERSION = YES;
				CLANG_WARN_COMMA = YES;
				CLANG_WARN_CONSTANT_CONVERSION = YES;
				CLANG_WARN_DEPRECATED_OBJC_IMPLEMENTATIONS = YES;
				CLANG_WARN_DIRECT_OBJC_ISA_USAGE = YES_ERROR;
				CLANG_WARN_DOCUMENTATION_COMMENTS = YES;
				CLANG_WARN_EMPTY_BODY = YES;
				CLANG_WARN_ENUM_CONVERSION = YES;
				CLANG_WARN_INFINITE_RECURSION = YES;
				CLANG_WARN_INT_CONVERSION = YES;
				CLANG_WARN_NON_LITERAL_NULL_CONVERSION = YES;
				CLANG_WARN_OBJC_IMPLICIT_RETAIN_SELF = YES;
				CLANG_WARN_OBJC_LITERAL_CONVERSION = YES;
				CLANG_WARN_OBJC_ROOT_CLASS = YES_ERROR;
				CLANG_WARN_RANGE_LOOP_ANALYSIS = YES;
				CLANG_WARN_STRICT_PROTOTYPES = YES;
				CLANG_WARN_SUSPICIOUS_MOVE = YES;
				CLANG_WARN_UNGUARDED_AVAILABILITY = YES_AGGRESSIVE;
				CLANG_WARN_UNREACHABLE_CODE = YES;
				CLANG_WARN__DUPLICATE_METHOD_MATCH = YES;
				CODE_SIGN_IDENTITY = "iPhone Developer";
				COPY_PHASE_STRIP = NO;
				DEBUG_INFORMATION_FORMAT = "dwarf-with-dsym";
				ENABLE_NS_ASSERTIONS = NO;
				ENABLE_STRICT_OBJC_MSGSEND = YES;
				GCC_C_LANGUAGE_STANDARD = gnu11;
				GCC_NO_COMMON_BLOCKS = YES;
				GCC_WARN_64_TO_32_BIT_CONVERSION = YES;
				GCC_WARN_ABOUT_RETURN_TYPE = YES_ERROR;
				GCC_WARN_UNDECLARED_SELECTOR = YES;
				GCC_WARN_UNINITIALIZED_AUTOS = YES_AGGRESSIVE;
				GCC_WARN_UNUSED_FUNCTION = YES;
				GCC_WARN_UNUSED_VARIABLE = YES;
				IPHONEOS_DEPLOYMENT_TARGET = 11.3;
				MTL_ENABLE_DEBUG_INFO = NO;
				SDKROOT = iphoneos;
				SWIFT_COMPILATION_MODE = wholemodule;
				SWIFT_OPTIMIZATION_LEVEL = "-O";
				VALIDATE_PRODUCT = YES;
			};
			name = Release;
		};
		8417887E210EADFD00EB797D /* Debug */ = {
			isa = XCBuildConfiguration;
			baseConfigurationReference = 5C3CAB6E4AF4465808372564 /* Pods-AppRecipeFood.debug.xcconfig */;
			buildSettings = {
				ASSETCATALOG_COMPILER_APPICON_NAME = AppIcon;
				CODE_SIGN_STYLE = Automatic;
				DEVELOPMENT_TEAM = SLX6K58ZQH;
				INFOPLIST_FILE = AppRecipeFood/Info.plist;
				LD_RUNPATH_SEARCH_PATHS = (
					"$(inherited)",
					"@executable_path/Frameworks",
				);
				PRODUCT_BUNDLE_IDENTIFIER = test.AppRecipeFood;
				PRODUCT_NAME = "$(TARGET_NAME)";
				SWIFT_VERSION = 4.0;
				TARGETED_DEVICE_FAMILY = "1,2";
			};
			name = Debug;
		};
		8417887F210EADFD00EB797D /* Release */ = {
			isa = XCBuildConfiguration;
			baseConfigurationReference = C7BD273B27BB92CB82E5CA3B /* Pods-AppRecipeFood.release.xcconfig */;
			buildSettings = {
				ASSETCATALOG_COMPILER_APPICON_NAME = AppIcon;
				CODE_SIGN_STYLE = Automatic;
				DEVELOPMENT_TEAM = SLX6K58ZQH;
				INFOPLIST_FILE = AppRecipeFood/Info.plist;
				LD_RUNPATH_SEARCH_PATHS = (
					"$(inherited)",
					"@executable_path/Frameworks",
				);
				PRODUCT_BUNDLE_IDENTIFIER = test.AppRecipeFood;
				PRODUCT_NAME = "$(TARGET_NAME)";
				SWIFT_VERSION = 4.0;
				TARGETED_DEVICE_FAMILY = "1,2";
			};
			name = Release;
		};
		84178881210EADFD00EB797D /* Debug */ = {
			isa = XCBuildConfiguration;
			buildSettings = {
				ALWAYS_EMBED_SWIFT_STANDARD_LIBRARIES = YES;
				BUNDLE_LOADER = "$(TEST_HOST)";
				CODE_SIGN_STYLE = Automatic;
				DEVELOPMENT_TEAM = SLX6K58ZQH;
				INFOPLIST_FILE = AppRecipeFoodTests/Info.plist;
				LD_RUNPATH_SEARCH_PATHS = (
					"$(inherited)",
					"@executable_path/Frameworks",
					"@loader_path/Frameworks",
				);
				PRODUCT_BUNDLE_IDENTIFIER = test.AppRecipeFoodTests;
				PRODUCT_NAME = "$(TARGET_NAME)";
				SWIFT_VERSION = 4.0;
				TARGETED_DEVICE_FAMILY = "1,2";
				TEST_HOST = "$(BUILT_PRODUCTS_DIR)/AppRecipeFood.app/AppRecipeFood";
			};
			name = Debug;
		};
		84178882210EADFD00EB797D /* Release */ = {
			isa = XCBuildConfiguration;
			buildSettings = {
				ALWAYS_EMBED_SWIFT_STANDARD_LIBRARIES = YES;
				BUNDLE_LOADER = "$(TEST_HOST)";
				CODE_SIGN_STYLE = Automatic;
				DEVELOPMENT_TEAM = SLX6K58ZQH;
				INFOPLIST_FILE = AppRecipeFoodTests/Info.plist;
				LD_RUNPATH_SEARCH_PATHS = (
					"$(inherited)",
					"@executable_path/Frameworks",
					"@loader_path/Frameworks",
				);
				PRODUCT_BUNDLE_IDENTIFIER = test.AppRecipeFoodTests;
				PRODUCT_NAME = "$(TARGET_NAME)";
				SWIFT_VERSION = 4.0;
				TARGETED_DEVICE_FAMILY = "1,2";
				TEST_HOST = "$(BUILT_PRODUCTS_DIR)/AppRecipeFood.app/AppRecipeFood";
			};
			name = Release;
		};
		84178884210EADFD00EB797D /* Debug */ = {
			isa = XCBuildConfiguration;
			buildSettings = {
				ALWAYS_EMBED_SWIFT_STANDARD_LIBRARIES = YES;
				CODE_SIGN_STYLE = Automatic;
				DEVELOPMENT_TEAM = SLX6K58ZQH;
				INFOPLIST_FILE = AppRecipeFoodUITests/Info.plist;
				LD_RUNPATH_SEARCH_PATHS = (
					"$(inherited)",
					"@executable_path/Frameworks",
					"@loader_path/Frameworks",
				);
				PRODUCT_BUNDLE_IDENTIFIER = test.AppRecipeFoodUITests;
				PRODUCT_NAME = "$(TARGET_NAME)";
				SWIFT_VERSION = 4.0;
				TARGETED_DEVICE_FAMILY = "1,2";
				TEST_TARGET_NAME = AppRecipeFood;
			};
			name = Debug;
		};
		84178885210EADFD00EB797D /* Release */ = {
			isa = XCBuildConfiguration;
			buildSettings = {
				ALWAYS_EMBED_SWIFT_STANDARD_LIBRARIES = YES;
				CODE_SIGN_STYLE = Automatic;
				DEVELOPMENT_TEAM = SLX6K58ZQH;
				INFOPLIST_FILE = AppRecipeFoodUITests/Info.plist;
				LD_RUNPATH_SEARCH_PATHS = (
					"$(inherited)",
					"@executable_path/Frameworks",
					"@loader_path/Frameworks",
				);
				PRODUCT_BUNDLE_IDENTIFIER = test.AppRecipeFoodUITests;
				PRODUCT_NAME = "$(TARGET_NAME)";
				SWIFT_VERSION = 4.0;
				TARGETED_DEVICE_FAMILY = "1,2";
				TEST_TARGET_NAME = AppRecipeFood;
			};
			name = Release;
		};
/* End XCBuildConfiguration section */

/* Begin XCConfigurationList section */
		8417884D210EADFB00EB797D /* Build configuration list for PBXProject "AppRecipeFood" */ = {
			isa = XCConfigurationList;
			buildConfigurations = (
				8417887B210EADFD00EB797D /* Debug */,
				8417887C210EADFD00EB797D /* Release */,
			);
			defaultConfigurationIsVisible = 0;
			defaultConfigurationName = Release;
		};
		8417887D210EADFD00EB797D /* Build configuration list for PBXNativeTarget "AppRecipeFood" */ = {
			isa = XCConfigurationList;
			buildConfigurations = (
				8417887E210EADFD00EB797D /* Debug */,
				8417887F210EADFD00EB797D /* Release */,
			);
			defaultConfigurationIsVisible = 0;
			defaultConfigurationName = Release;
		};
		84178880210EADFD00EB797D /* Build configuration list for PBXNativeTarget "AppRecipeFoodTests" */ = {
			isa = XCConfigurationList;
			buildConfigurations = (
				84178881210EADFD00EB797D /* Debug */,
				84178882210EADFD00EB797D /* Release */,
			);
			defaultConfigurationIsVisible = 0;
			defaultConfigurationName = Release;
		};
		84178883210EADFD00EB797D /* Build configuration list for PBXNativeTarget "AppRecipeFoodUITests" */ = {
			isa = XCConfigurationList;
			buildConfigurations = (
				84178884210EADFD00EB797D /* Debug */,
				84178885210EADFD00EB797D /* Release */,
			);
			defaultConfigurationIsVisible = 0;
			defaultConfigurationName = Release;
		};
/* End XCConfigurationList section */

/* Begin XCVersionGroup section */
		8417885C210EADFB00EB797D /* AppRecipeFood.xcdatamodeld */ = {
			isa = XCVersionGroup;
			children = (
				8417885D210EADFB00EB797D /* AppRecipeFood.xcdatamodel */,
			);
			currentVersion = 8417885D210EADFB00EB797D /* AppRecipeFood.xcdatamodel */;
			path = AppRecipeFood.xcdatamodeld;
			sourceTree = "<group>";
			versionGroupType = wrapper.xcdatamodel;
		};
/* End XCVersionGroup section */
	};
	rootObject = 8417884A210EADFB00EB797D /* Project object */;
}
